// !$*UTF8*$!
{
	archiveVersion = 1;
	classes = {
	};
	objectVersion = 46;
	objects = {

/* Begin PBXBuildFile section */
		33BD59791E8251D700AE1E60 /* AppDelegate.swift in Sources */ = {isa = PBXBuildFile; fileRef = 33BD59781E8251D700AE1E60 /* AppDelegate.swift */; };
		33BD597B1E8251D700AE1E60 /* HomeViewController.swift in Sources */ = {isa = PBXBuildFile; fileRef = 33BD597A1E8251D700AE1E60 /* HomeViewController.swift */; };
		33BD597E1E8251D700AE1E60 /* Main.storyboard in Resources */ = {isa = PBXBuildFile; fileRef = 33BD597C1E8251D700AE1E60 /* Main.storyboard */; };
		33BD59801E8251D700AE1E60 /* Assets.xcassets in Resources */ = {isa = PBXBuildFile; fileRef = 33BD597F1E8251D700AE1E60 /* Assets.xcassets */; };
		33BD59831E8251D700AE1E60 /* LaunchScreen.storyboard in Resources */ = {isa = PBXBuildFile; fileRef = 33BD59811E8251D700AE1E60 /* LaunchScreen.storyboard */; };
		33BD599E1E825DAF00AE1E60 /* HomeCell.swift in Sources */ = {isa = PBXBuildFile; fileRef = 33BD599C1E825DAF00AE1E60 /* HomeCell.swift */; };
		33BD599F1E825DAF00AE1E60 /* HomeCell.xib in Resources */ = {isa = PBXBuildFile; fileRef = 33BD599D1E825DAF00AE1E60 /* HomeCell.xib */; };
		33BD59A11E8260AD00AE1E60 /* HomeModel.swift in Sources */ = {isa = PBXBuildFile; fileRef = 33BD59A01E8260AD00AE1E60 /* HomeModel.swift */; };
		D60F48BC497329955AAD89DF /* Pods_SwiftLive.framework in Frameworks */ = {isa = PBXBuildFile; fileRef = 22ACF4148482DF453BBF4795 /* Pods_SwiftLive.framework */; };
/* End PBXBuildFile section */

/* Begin PBXFileReference section */
		22ACF4148482DF453BBF4795 /* Pods_SwiftLive.framework */ = {isa = PBXFileReference; explicitFileType = wrapper.framework; includeInIndex = 0; path = Pods_SwiftLive.framework; sourceTree = BUILT_PRODUCTS_DIR; };
		33BD59751E8251D700AE1E60 /* SwiftLive.app */ = {isa = PBXFileReference; explicitFileType = wrapper.application; includeInIndex = 0; path = SwiftLive.app; sourceTree = BUILT_PRODUCTS_DIR; };
		33BD59781E8251D700AE1E60 /* AppDelegate.swift */ = {isa = PBXFileReference; lastKnownFileType = sourcecode.swift; path = AppDelegate.swift; sourceTree = "<group>"; };
		33BD597A1E8251D700AE1E60 /* HomeViewController.swift */ = {isa = PBXFileReference; lastKnownFileType = sourcecode.swift; name = HomeViewController.swift; path = ../../../HomeViewController.swift; sourceTree = "<group>"; };
		33BD597D1E8251D700AE1E60 /* Base */ = {isa = PBXFileReference; lastKnownFileType = file.storyboard; name = Base; path = Base.lproj/Main.storyboard; sourceTree = "<group>"; };
		33BD597F1E8251D700AE1E60 /* Assets.xcassets */ = {isa = PBXFileReference; lastKnownFileType = folder.assetcatalog; path = Assets.xcassets; sourceTree = "<group>"; };
		33BD59821E8251D700AE1E60 /* Base */ = {isa = PBXFileReference; lastKnownFileType = file.storyboard; name = Base; path = Base.lproj/LaunchScreen.storyboard; sourceTree = "<group>"; };
		33BD59841E8251D700AE1E60 /* Info.plist */ = {isa = PBXFileReference; lastKnownFileType = text.plist.xml; path = Info.plist; sourceTree = "<group>"; };
		33BD599C1E825DAF00AE1E60 /* HomeCell.swift */ = {isa = PBXFileReference; fileEncoding = 4; lastKnownFileType = sourcecode.swift; path = HomeCell.swift; sourceTree = "<group>"; };
		33BD599D1E825DAF00AE1E60 /* HomeCell.xib */ = {isa = PBXFileReference; fileEncoding = 4; lastKnownFileType = file.xib; path = HomeCell.xib; sourceTree = "<group>"; };
		33BD59A01E8260AD00AE1E60 /* HomeModel.swift */ = {isa = PBXFileReference; fileEncoding = 4; lastKnownFileType = sourcecode.swift; path = HomeModel.swift; sourceTree = "<group>"; };
		79B9B1EEE8497BB19711C19A /* Pods-SwiftLive.debug.xcconfig */ = {isa = PBXFileReference; includeInIndex = 1; lastKnownFileType = text.xcconfig; name = "Pods-SwiftLive.debug.xcconfig"; path = "Pods/Target Support Files/Pods-SwiftLive/Pods-SwiftLive.debug.xcconfig"; sourceTree = "<group>"; };
		BB92797A53A5DF2F49618E77 /* Pods-SwiftLive.release.xcconfig */ = {isa = PBXFileReference; includeInIndex = 1; lastKnownFileType = text.xcconfig; name = "Pods-SwiftLive.release.xcconfig"; path = "Pods/Target Support Files/Pods-SwiftLive/Pods-SwiftLive.release.xcconfig"; sourceTree = "<group>"; };
/* End PBXFileReference section */

/* Begin PBXFrameworksBuildPhase section */
		33BD59721E8251D700AE1E60 /* Frameworks */ = {
			isa = PBXFrameworksBuildPhase;
			buildActionMask = 2147483647;
			files = (
				D60F48BC497329955AAD89DF /* Pods_SwiftLive.framework in Frameworks */,
			);
			runOnlyForDeploymentPostprocessing = 0;
		};
/* End PBXFrameworksBuildPhase section */

/* Begin PBXGroup section */
		33BD596C1E8251D700AE1E60 = {
			isa = PBXGroup;
			children = (
				33BD59771E8251D700AE1E60 /* SwiftLive */,
				33BD59761E8251D700AE1E60 /* Products */,
				7AD020E763D9715C1FAD55E2 /* Pods */,
				917F46A7AA7FA6414368FDEB /* Frameworks */,
			);
			sourceTree = "<group>";
		};
		33BD59761E8251D700AE1E60 /* Products */ = {
			isa = PBXGroup;
			children = (
				33BD59751E8251D700AE1E60 /* SwiftLive.app */,
			);
			name = Products;
			sourceTree = "<group>";
		};
		33BD59771E8251D700AE1E60 /* SwiftLive */ = {
			isa = PBXGroup;
			children = (
				33BD598A1E8254F000AE1E60 /* Class */,
				33BD59781E8251D700AE1E60 /* AppDelegate.swift */,
				33BD597C1E8251D700AE1E60 /* Main.storyboard */,
				33BD597F1E8251D700AE1E60 /* Assets.xcassets */,
				33BD59811E8251D700AE1E60 /* LaunchScreen.storyboard */,
				33BD59841E8251D700AE1E60 /* Info.plist */,
			);
			path = SwiftLive;
			sourceTree = "<group>";
		};
		33BD598A1E8254F000AE1E60 /* Class */ = {
			isa = PBXGroup;
			children = (
				33BD598B1E8254F000AE1E60 /* Home */,
			);
			path = Class;
			sourceTree = "<group>";
		};
		33BD598B1E8254F000AE1E60 /* Home */ = {
			isa = PBXGroup;
			children = (
				33BD598C1E8254F000AE1E60 /* Controller */,
				33BD598D1E8254F000AE1E60 /* Model */,
				33BD598E1E8254F000AE1E60 /* View */,
				33BD598F1E8254F000AE1E60 /* ViewModel */,
			);
			path = Home;
			sourceTree = "<group>";
		};
		33BD598C1E8254F000AE1E60 /* Controller */ = {
			isa = PBXGroup;
			children = (
				33BD597A1E8251D700AE1E60 /* HomeViewController.swift */,
			);
			path = Controller;
			sourceTree = "<group>";
		};
		33BD598D1E8254F000AE1E60 /* Model */ = {
			isa = PBXGroup;
			children = (
				33BD59A01E8260AD00AE1E60 /* HomeModel.swift */,
			);
			path = Model;
			sourceTree = "<group>";
		};
		33BD598E1E8254F000AE1E60 /* View */ = {
			isa = PBXGroup;
			children = (
				33BD599C1E825DAF00AE1E60 /* HomeCell.swift */,
				33BD599D1E825DAF00AE1E60 /* HomeCell.xib */,
			);
			path = View;
			sourceTree = "<group>";
		};
		33BD598F1E8254F000AE1E60 /* ViewModel */ = {
			isa = PBXGroup;
			children = (
			);
			path = ViewModel;
			sourceTree = "<group>";
		};
		7AD020E763D9715C1FAD55E2 /* Pods */ = {
			isa = PBXGroup;
			children = (
				79B9B1EEE8497BB19711C19A /* Pods-SwiftLive.debug.xcconfig */,
				BB92797A53A5DF2F49618E77 /* Pods-SwiftLive.release.xcconfig */,
			);
			name = Pods;
			sourceTree = "<group>";
		};
		917F46A7AA7FA6414368FDEB /* Frameworks */ = {
			isa = PBXGroup;
			children = (
				22ACF4148482DF453BBF4795 /* Pods_SwiftLive.framework */,
			);
			name = Frameworks;
			sourceTree = "<group>";
		};
/* End PBXGroup section */

/* Begin PBXNativeTarget section */
		33BD59741E8251D700AE1E60 /* SwiftLive */ = {
			isa = PBXNativeTarget;
			buildConfigurationList = 33BD59871E8251D700AE1E60 /* Build configuration list for PBXNativeTarget "SwiftLive" */;
			buildPhases = (
				A260D04355846B10229C88C6 /* [CP] Check Pods Manifest.lock */,
				33BD59711E8251D700AE1E60 /* Sources */,
				33BD59721E8251D700AE1E60 /* Frameworks */,
				33BD59731E8251D700AE1E60 /* Resources */,
				849C5FC9C7984206E07D52E8 /* [CP] Embed Pods Frameworks */,
				43417FAE476CFA2197CFCDC8 /* [CP] Copy Pods Resources */,
			);
			buildRules = (
			);
			dependencies = (
			);
			name = SwiftLive;
			productName = SwiftLive;
			productReference = 33BD59751E8251D700AE1E60 /* SwiftLive.app */;
			productType = "com.apple.product-type.application";
		};
/* End PBXNativeTarget section */

/* Begin PBXProject section */
		33BD596D1E8251D700AE1E60 /* Project object */ = {
			isa = PBXProject;
			attributes = {
				LastSwiftUpdateCheck = 0820;
				LastUpgradeCheck = 0820;
				ORGANIZATIONNAME = CepheusSun;
				TargetAttributes = {
					33BD59741E8251D700AE1E60 = {
						CreatedOnToolsVersion = 8.2.1;
						DevelopmentTeam = 552B69TXM9;
						ProvisioningStyle = Automatic;
					};
				};
			};
			buildConfigurationList = 33BD59701E8251D700AE1E60 /* Build configuration list for PBXProject "SwiftLive" */;
			compatibilityVersion = "Xcode 3.2";
			developmentRegion = English;
			hasScannedForEncodings = 0;
			knownRegions = (
				en,
				Base,
			);
			mainGroup = 33BD596C1E8251D700AE1E60;
			productRefGroup = 33BD59761E8251D700AE1E60 /* Products */;
			projectDirPath = "";
			projectRoot = "";
			targets = (
				33BD59741E8251D700AE1E60 /* SwiftLive */,
			);
		};
/* End PBXProject section */

/* Begin PBXResourcesBuildPhase section */
		33BD59731E8251D700AE1E60 /* Resources */ = {
			isa = PBXResourcesBuildPhase;
			buildActionMask = 2147483647;
			files = (
				33BD59831E8251D700AE1E60 /* LaunchScreen.storyboard in Resources */,
				33BD59801E8251D700AE1E60 /* Assets.xcassets in Resources */,
				33BD599F1E825DAF00AE1E60 /* HomeCell.xib in Resources */,
				33BD597E1E8251D700AE1E60 /* Main.storyboard in Resources */,
			);
			runOnlyForDeploymentPostprocessing = 0;
		};
/* End PBXResourcesBuildPhase section */

/* Begin PBXShellScriptBuildPhase section */
		43417FAE476CFA2197CFCDC8 /* [CP] Copy Pods Resources */ = {
			isa = PBXShellScriptBuildPhase;
			buildActionMask = 2147483647;
			files = (
			);
			inputPaths = (
			);
			name = "[CP] Copy Pods Resources";
			outputPaths = (
			);
			runOnlyForDeploymentPostprocessing = 0;
			shellPath = /bin/sh;
			shellScript = "\"${SRCROOT}/Pods/Target Support Files/Pods-SwiftLive/Pods-SwiftLive-resources.sh\"\n";
			showEnvVarsInLog = 0;
		};
		849C5FC9C7984206E07D52E8 /* [CP] Embed Pods Frameworks */ = {
			isa = PBXShellScriptBuildPhase;
			buildActionMask = 2147483647;
			files = (
			);
			inputPaths = (
			);
			name = "[CP] Embed Pods Frameworks";
			outputPaths = (
			);
			runOnlyForDeploymentPostprocessing = 0;
			shellPath = /bin/sh;
			shellScript = "\"${SRCROOT}/Pods/Target Support Files/Pods-SwiftLive/Pods-SwiftLive-frameworks.sh\"\n";
			showEnvVarsInLog = 0;
		};
		A260D04355846B10229C88C6 /* [CP] Check Pods Manifest.lock */ = {
			isa = PBXShellScriptBuildPhase;
			buildActionMask = 2147483647;
			files = (
			);
			inputPaths = (
			);
			name = "[CP] Check Pods Manifest.lock";
			outputPaths = (
			);
			runOnlyForDeploymentPostprocessing = 0;
			shellPath = /bin/sh;
			shellScript = "diff \"${PODS_PODFILE_DIR_PATH}/Podfile.lock\" \"${PODS_ROOT}/Manifest.lock\" > /dev/null\nif [ $? != 0 ] ; then\n    # print error to STDERR\n    echo \"error: The sandbox is not in sync with the Podfile.lock. Run 'pod install' or update your CocoaPods installation.\" >&2\n    exit 1\nfi\n";
			showEnvVarsInLog = 0;
		};
/* End PBXShellScriptBuildPhase section */

/* Begin PBXSourcesBuildPhase section */
		33BD59711E8251D700AE1E60 /* Sources */ = {
			isa = PBXSourcesBuildPhase;
			buildActionMask = 2147483647;
			files = (
				33BD59A11E8260AD00AE1E60 /* HomeModel.swift in Sources */,
				33BD597B1E8251D700AE1E60 /* HomeViewController.swift in Sources */,
				33BD59791E8251D700AE1E60 /* AppDelegate.swift in Sources */,
				33BD599E1E825DAF00AE1E60 /* HomeCell.swift in Sources */,
			);
			runOnlyForDeploymentPostprocessing = 0;
		};
/* End PBXSourcesBuildPhase section */

/* Begin PBXVariantGroup section */
		33BD597C1E8251D700AE1E60 /* Main.storyboard */ = {
			isa = PBXVariantGroup;
			children = (
				33BD597D1E8251D700AE1E60 /* Base */,
			);
			name = Main.storyboard;
			sourceTree = "<group>";
		};
		33BD59811E8251D700AE1E60 /* LaunchScreen.storyboard */ = {
			isa = PBXVariantGroup;
			children = (
				33BD59821E8251D700AE1E60 /* Base */,
			);
			name = LaunchScreen.storyboard;
			sourceTree = "<group>";
		};
/* End PBXVariantGroup section */

/* Begin XCBuildConfiguration section */
		33BD59851E8251D700AE1E60 /* Debug */ = {
			isa = XCBuildConfiguration;
			buildSettings = {
				ALWAYS_SEARCH_USER_PATHS = NO;
				CLANG_ANALYZER_NONNULL = YES;
				CLANG_CXX_LANGUAGE_STANDARD = "gnu++0x";
				CLANG_CXX_LIBRARY = "libc++";
				CLANG_ENABLE_MODULES = YES;
				CLANG_ENABLE_OBJC_ARC = YES;
				CLANG_WARN_BOOL_CONVERSION = YES;
				CLANG_WARN_CONSTANT_CONVERSION = YES;
				CLANG_WARN_DIRECT_OBJC_ISA_USAGE = YES_ERROR;
				CLANG_WARN_DOCUMENTATION_COMMENTS = YES;
				CLANG_WARN_EMPTY_BODY = YES;
				CLANG_WARN_ENUM_CONVERSION = YES;
				CLANG_WARN_INFINITE_RECURSION = YES;
				CLANG_WARN_INT_CONVERSION = YES;
				CLANG_WARN_OBJC_ROOT_CLASS = YES_ERROR;
				CLANG_WARN_SUSPICIOUS_MOVE = YES;
				CLANG_WARN_UNREACHABLE_CODE = YES;
				CLANG_WARN__DUPLICATE_METHOD_MATCH = YES;
				"CODE_SIGN_IDENTITY[sdk=iphoneos*]" = "iPhone Developer";
				COPY_PHASE_STRIP = NO;
				DEBUG_INFORMATION_FORMAT = dwarf;
				ENABLE_STRICT_OBJC_MSGSEND = YES;
				ENABLE_TESTABILITY = YES;
				GCC_C_LANGUAGE_STANDARD = gnu99;
				GCC_DYNAMIC_NO_PIC = NO;
				GCC_NO_COMMON_BLOCKS = YES;
				GCC_OPTIMIZATION_LEVEL = 0;
				GCC_PREPROCESSOR_DEFINITIONS = (
					"DEBUG=1",
					"$(inherited)",
				);
				GCC_WARN_64_TO_32_BIT_CONVERSION = YES;
				GCC_WARN_ABOUT_RETURN_TYPE = YES_ERROR;
				GCC_WARN_UNDECLARED_SELECTOR = YES;
				GCC_WARN_UNINITIALIZED_AUTOS = YES_AGGRESSIVE;
				GCC_WARN_UNUSED_FUNCTION = YES;
				GCC_WARN_UNUSED_VARIABLE = YES;
				IPHONEOS_DEPLOYMENT_TARGET = 10.2;
				MTL_ENABLE_DEBUG_INFO = YES;
				ONLY_ACTIVE_ARCH = YES;
				SDKROOT = iphoneos;
				SWIFT_ACTIVE_COMPILATION_CONDITIONS = DEBUG;
				SWIFT_OPTIMIZATION_LEVEL = "-Onone";
			};
			name = Debug;
		};
		33BD59861E8251D700AE1E60 /* Release */ = {
			isa = XCBuildConfiguration;
			buildSettings = {
				ALWAYS_SEARCH_USER_PATHS = NO;
				CLANG_ANALYZER_NONNULL = YES;
				CLANG_CXX_LANGUAGE_STANDARD = "gnu++0x";
				CLANG_CXX_LIBRARY = "libc++";
				CLANG_ENABLE_MODULES = YES;
				CLANG_ENABLE_OBJC_ARC = YES;
				CLANG_WARN_BOOL_CONVERSION = YES;
				CLANG_WARN_CONSTANT_CONVERSION = YES;
				CLANG_WARN_DIRECT_OBJC_ISA_USAGE = YES_ERROR;
				CLANG_WARN_DOCUMENTATION_COMMENTS = YES;
				CLANG_WARN_EMPTY_BODY = YES;
				CLANG_WARN_ENUM_CONVERSION = YES;
				CLANG_WARN_INFINITE_RECURSION = YES;
				CLANG_WARN_INT_CONVERSION = YES;
				CLANG_WARN_OBJC_ROOT_CLASS = YES_ERROR;
				CLANG_WARN_SUSPICIOUS_MOVE = YES;
				CLANG_WARN_UNREACHABLE_CODE = YES;
				CLANG_WARN__DUPLICATE_METHOD_MATCH = YES;
				"CODE_SIGN_IDENTITY[sdk=iphoneos*]" = "iPhone Developer";
				COPY_PHASE_STRIP = NO;
				DEBUG_INFORMATION_FORMAT = "dwarf-with-dsym";
				ENABLE_NS_ASSERTIONS = NO;
				ENABLE_STRICT_OBJC_MSGSEND = YES;
				GCC_C_LANGUAGE_STANDARD = gnu99;
				GCC_NO_COMMON_BLOCKS = YES;
				GCC_WARN_64_TO_32_BIT_CONVERSION = YES;
				GCC_WARN_ABOUT_RETURN_TYPE = YES_ERROR;
				GCC_WARN_UNDECLARED_SELECTOR = YES;
				GCC_WARN_UNINITIALIZED_AUTOS = YES_AGGRESSIVE;
				GCC_WARN_UNUSED_FUNCTION = YES;
				GCC_WARN_UNUSED_VARIABLE = YES;
				IPHONEOS_DEPLOYMENT_TARGET = 10.2;
				MTL_ENABLE_DEBUG_INFO = NO;
				SDKROOT = iphoneos;
				SWIFT_OPTIMIZATION_LEVEL = "-Owholemodule";
				VALIDATE_PRODUCT = YES;
			};
			name = Release;
		};
		33BD59881E8251D700AE1E60 /* Debug */ = {
			isa = XCBuildConfiguration;
			baseConfigurationReference = 79B9B1EEE8497BB19711C19A /* Pods-SwiftLive.debug.xcconfig */;
			buildSettings = {
				ASSETCATALOG_COMPILER_APPICON_NAME = AppIcon;
				DEVELOPMENT_TEAM = 552B69TXM9;
				INFOPLIST_FILE = SwiftLive/Info.plist;
				LD_RUNPATH_SEARCH_PATHS = "$(inherited) @executable_path/Frameworks";
				PRODUCT_BUNDLE_IDENTIFIER = app.SwiftLive;
				PRODUCT_NAME = "$(TARGET_NAME)";
				SWIFT_VERSION = 3.0;
			};
			name = Debug;
		};
		33BD59891E8251D700AE1E60 /* Release */ = {
			isa = XCBuildConfiguration;
			baseConfigurationReference = BB92797A53A5DF2F49618E77 /* Pods-SwiftLive.release.xcconfig */;
			buildSettings = {
				ASSETCATALOG_COMPILER_APPICON_NAME = AppIcon;
				DEVELOPMENT_TEAM = 552B69TXM9;
				INFOPLIST_FILE = SwiftLive/Info.plist;
				LD_RUNPATH_SEARCH_PATHS = "$(inherited) @executable_path/Frameworks";
				PRODUCT_BUNDLE_IDENTIFIER = app.SwiftLive;
				PRODUCT_NAME = "$(TARGET_NAME)";
				SWIFT_VERSION = 3.0;
			};
			name = Release;
		};
/* End XCBuildConfiguration section */

/* Begin XCConfigurationList section */
		33BD59701E8251D700AE1E60 /* Build configuration list for PBXProject "SwiftLive" */ = {
			isa = XCConfigurationList;
			buildConfigurations = (
				33BD59851E8251D700AE1E60 /* Debug */,
				33BD59861E8251D700AE1E60 /* Release */,
			);
			defaultConfigurationIsVisible = 0;
			defaultConfigurationName = Release;
		};
		33BD59871E8251D700AE1E60 /* Build configuration list for PBXNativeTarget "SwiftLive" */ = {
			isa = XCConfigurationList;
			buildConfigurations = (
				33BD59881E8251D700AE1E60 /* Debug */,
				33BD59891E8251D700AE1E60 /* Release */,
			);
			defaultConfigurationIsVisible = 0;
			defaultConfigurationName = Release;
		};
/* End XCConfigurationList section */
	};
	rootObject = 33BD596D1E8251D700AE1E60 /* Project object */;
}
