PODS:
  - Just (0.5.7)
  - Kingfisher (3.5.2)
  - WMPageController (2.2.1)

DEPENDENCIES:
  - Just
  - Kingfisher
  - WMPageController

SPEC CHECKSUMS:
  Just: d19e769d86b965e39ae58cb3c0cbad07706634a8
  Kingfisher: 9950e382c500b6834ce004c7c4131c444e90c3a1
  WMPageController: 181bcc9b1fb7c9c3466bff66012552953a547d28

PODFILE CHECKSUM: 12d04b975c66025da179d2e93e093ca54e128466

COCOAPODS: 1.2.1.beta.1
